// !$*UTF8*$!
{
	archiveVersion = 1;
	classes = {
	};
	objectVersion = 46;
	objects = {

/* Begin PBXBuildFile section */
		CC16AE0A1E27A8EB00C070E1 /* AppDelegate.swift in Sources */ = {isa = PBXBuildFile; fileRef = CC16AE091E27A8EB00C070E1 /* AppDelegate.swift */; };
		CC16AE0C1E27A8EB00C070E1 /* LaunchViewController.swift in Sources */ = {isa = PBXBuildFile; fileRef = CC16AE0B1E27A8EB00C070E1 /* LaunchViewController.swift */; };
		CC16AE0F1E27A8EB00C070E1 /* Main.storyboard in Resources */ = {isa = PBXBuildFile; fileRef = CC16AE0D1E27A8EB00C070E1 /* Main.storyboard */; };
		CC16AE111E27A8EB00C070E1 /* Assets.xcassets in Resources */ = {isa = PBXBuildFile; fileRef = CC16AE101E27A8EB00C070E1 /* Assets.xcassets */; };
		CC16AE141E27A8EB00C070E1 /* LaunchScreen.storyboard in Resources */ = {isa = PBXBuildFile; fileRef = CC16AE121E27A8EB00C070E1 /* LaunchScreen.storyboard */; };
		CC16AE1E1E2912B700C070E1 /* ActionListTableViewController.swift in Sources */ = {isa = PBXBuildFile; fileRef = CC16AE1D1E2912B700C070E1 /* ActionListTableViewController.swift */; };
		CC16AE201E2A7C5200C070E1 /* ActionDetailTableViewController.swift in Sources */ = {isa = PBXBuildFile; fileRef = CC16AE1F1E2A7C5200C070E1 /* ActionDetailTableViewController.swift */; };
		CC16AE221E2A800B00C070E1 /* ActionItem.swift in Sources */ = {isa = PBXBuildFile; fileRef = CC16AE211E2A800B00C070E1 /* ActionItem.swift */; };
/* End PBXBuildFile section */

/* Begin PBXFileReference section */
		CC16AE061E27A8EB00C070E1 /* OffTheCouch.app */ = {isa = PBXFileReference; explicitFileType = wrapper.application; includeInIndex = 0; path = OffTheCouch.app; sourceTree = BUILT_PRODUCTS_DIR; };
		CC16AE091E27A8EB00C070E1 /* AppDelegate.swift */ = {isa = PBXFileReference; lastKnownFileType = sourcecode.swift; path = AppDelegate.swift; sourceTree = "<group>"; };
		CC16AE0B1E27A8EB00C070E1 /* LaunchViewController.swift */ = {isa = PBXFileReference; lastKnownFileType = sourcecode.swift; path = LaunchViewController.swift; sourceTree = "<group>"; };
		CC16AE0E1E27A8EB00C070E1 /* Base */ = {isa = PBXFileReference; lastKnownFileType = file.storyboard; name = Base; path = Base.lproj/Main.storyboard; sourceTree = "<group>"; };
		CC16AE101E27A8EB00C070E1 /* Assets.xcassets */ = {isa = PBXFileReference; lastKnownFileType = folder.assetcatalog; path = Assets.xcassets; sourceTree = "<group>"; };
		CC16AE131E27A8EB00C070E1 /* Base */ = {isa = PBXFileReference; lastKnownFileType = file.storyboard; name = Base; path = Base.lproj/LaunchScreen.storyboard; sourceTree = "<group>"; };
		CC16AE151E27A8EB00C070E1 /* Info.plist */ = {isa = PBXFileReference; lastKnownFileType = text.plist.xml; path = Info.plist; sourceTree = "<group>"; };
		CC16AE1D1E2912B700C070E1 /* ActionListTableViewController.swift */ = {isa = PBXFileReference; fileEncoding = 4; lastKnownFileType = sourcecode.swift; path = ActionListTableViewController.swift; sourceTree = "<group>"; };
		CC16AE1F1E2A7C5200C070E1 /* ActionDetailTableViewController.swift */ = {isa = PBXFileReference; fileEncoding = 4; lastKnownFileType = sourcecode.swift; path = ActionDetailTableViewController.swift; sourceTree = "<group>"; };
		CC16AE211E2A800B00C070E1 /* ActionItem.swift */ = {isa = PBXFileReference; fileEncoding = 4; lastKnownFileType = sourcecode.swift; path = ActionItem.swift; sourceTree = "<group>"; };
/* End PBXFileReference section */

/* Begin PBXFrameworksBuildPhase section */
		CC16AE031E27A8EB00C070E1 /* Frameworks */ = {
			isa = PBXFrameworksBuildPhase;
			buildActionMask = 2147483647;
			files = (
			);
			runOnlyForDeploymentPostprocessing = 0;
		};
/* End PBXFrameworksBuildPhase section */

/* Begin PBXGroup section */
		CC16ADFD1E27A8EB00C070E1 = {
			isa = PBXGroup;
			children = (
				CC16AE081E27A8EB00C070E1 /* OffTheCouch */,
				CC16AE071E27A8EB00C070E1 /* Products */,
			);
			sourceTree = "<group>";
		};
		CC16AE071E27A8EB00C070E1 /* Products */ = {
			isa = PBXGroup;
			children = (
				CC16AE061E27A8EB00C070E1 /* OffTheCouch.app */,
			);
			name = Products;
			sourceTree = "<group>";
		};
		CC16AE081E27A8EB00C070E1 /* OffTheCouch */ = {
			isa = PBXGroup;
			children = (
				CC16AE091E27A8EB00C070E1 /* AppDelegate.swift */,
				CC16AE0B1E27A8EB00C070E1 /* LaunchViewController.swift */,
				CC16AE1D1E2912B700C070E1 /* ActionListTableViewController.swift */,
				CC16AE1F1E2A7C5200C070E1 /* ActionDetailTableViewController.swift */,
				CC16AE211E2A800B00C070E1 /* ActionItem.swift */,
				CC16AE0D1E27A8EB00C070E1 /* Main.storyboard */,
				CC16AE101E27A8EB00C070E1 /* Assets.xcassets */,
				CC16AE121E27A8EB00C070E1 /* LaunchScreen.storyboard */,
				CC16AE151E27A8EB00C070E1 /* Info.plist */,
			);
			path = OffTheCouch;
			sourceTree = "<group>";
		};
/* End PBXGroup section */

/* Begin PBXNativeTarget section */
		CC16AE051E27A8EB00C070E1 /* OffTheCouch */ = {
			isa = PBXNativeTarget;
			buildConfigurationList = CC16AE181E27A8EB00C070E1 /* Build configuration list for PBXNativeTarget "OffTheCouch" */;
			buildPhases = (
				CC16AE021E27A8EB00C070E1 /* Sources */,
				CC16AE031E27A8EB00C070E1 /* Frameworks */,
				CC16AE041E27A8EB00C070E1 /* Resources */,
			);
			buildRules = (
			);
			dependencies = (
			);
			name = OffTheCouch;
			productName = OffTheCouch;
			productReference = CC16AE061E27A8EB00C070E1 /* OffTheCouch.app */;
			productType = "com.apple.product-type.application";
		};
/* End PBXNativeTarget section */

/* Begin PBXProject section */
		CC16ADFE1E27A8EB00C070E1 /* Project object */ = {
			isa = PBXProject;
			attributes = {
				LastSwiftUpdateCheck = 0820;
				LastUpgradeCheck = 0820;
				ORGANIZATIONNAME = "Trish Kernan";
				TargetAttributes = {
					CC16AE051E27A8EB00C070E1 = {
						CreatedOnToolsVersion = 8.2.1;
						DevelopmentTeam = 84D2U4YMEB;
						ProvisioningStyle = Automatic;
					};
				};
			};
			buildConfigurationList = CC16AE011E27A8EB00C070E1 /* Build configuration list for PBXProject "OffTheCouch" */;
			compatibilityVersion = "Xcode 3.2";
			developmentRegion = English;
			hasScannedForEncodings = 0;
			knownRegions = (
				en,
				Base,
			);
			mainGroup = CC16ADFD1E27A8EB00C070E1;
			productRefGroup = CC16AE071E27A8EB00C070E1 /* Products */;
			projectDirPath = "";
			projectRoot = "";
			targets = (
				CC16AE051E27A8EB00C070E1 /* OffTheCouch */,
			);
		};
/* End PBXProject section */

/* Begin PBXResourcesBuildPhase section */
		CC16AE041E27A8EB00C070E1 /* Resources */ = {
			isa = PBXResourcesBuildPhase;
			buildActionMask = 2147483647;
			files = (
				CC16AE141E27A8EB00C070E1 /* LaunchScreen.storyboard in Resources */,
				CC16AE111E27A8EB00C070E1 /* Assets.xcassets in Resources */,
				CC16AE0F1E27A8EB00C070E1 /* Main.storyboard in Resources */,
			);
			runOnlyForDeploymentPostprocessing = 0;
		};
/* End PBXResourcesBuildPhase section */

/* Begin PBXSourcesBuildPhase section */
		CC16AE021E27A8EB00C070E1 /* Sources */ = {
			isa = PBXSourcesBuildPhase;
			buildActionMask = 2147483647;
			files = (
				CC16AE201E2A7C5200C070E1 /* ActionDetailTableViewController.swift in Sources */,
				CC16AE1E1E2912B700C070E1 /* ActionListTableViewController.swift in Sources */,
				CC16AE0C1E27A8EB00C070E1 /* LaunchViewController.swift in Sources */,
				CC16AE0A1E27A8EB00C070E1 /* AppDelegate.swift in Sources */,
				CC16AE221E2A800B00C070E1 /* ActionItem.swift in Sources */,
			);
			runOnlyForDeploymentPostprocessing = 0;
		};
/* End PBXSourcesBuildPhase section */

/* Begin PBXVariantGroup section */
		CC16AE0D1E27A8EB00C070E1 /* Main.storyboard */ = {
			isa = PBXVariantGroup;
			children = (
				CC16AE0E1E27A8EB00C070E1 /* Base */,
			);
			name = Main.storyboard;
			sourceTree = "<group>";
		};
		CC16AE121E27A8EB00C070E1 /* LaunchScreen.storyboard */ = {
			isa = PBXVariantGroup;
			children = (
				CC16AE131E27A8EB00C070E1 /* Base */,
			);
			name = LaunchScreen.storyboard;
			sourceTree = "<group>";
		};
/* End PBXVariantGroup section */

/* Begin XCBuildConfiguration section */
		CC16AE161E27A8EB00C070E1 /* Debug */ = {
			isa = XCBuildConfiguration;
			buildSettings = {
				ALWAYS_SEARCH_USER_PATHS = NO;
				CLANG_ANALYZER_NONNULL = YES;
				CLANG_CXX_LANGUAGE_STANDARD = "gnu++0x";
				CLANG_CXX_LIBRARY = "libc++";
				CLANG_ENABLE_MODULES = YES;
				CLANG_ENABLE_OBJC_ARC = YES;
				CLANG_WARN_BOOL_CONVERSION = YES;
				CLANG_WARN_CONSTANT_CONVERSION = YES;
				CLANG_WARN_DIRECT_OBJC_ISA_USAGE = YES_ERROR;
				CLANG_WARN_DOCUMENTATION_COMMENTS = YES;
				CLANG_WARN_EMPTY_BODY = YES;
				CLANG_WARN_ENUM_CONVERSION = YES;
				CLANG_WARN_INFINITE_RECURSION = YES;
				CLANG_WARN_INT_CONVERSION = YES;
				CLANG_WARN_OBJC_ROOT_CLASS = YES_ERROR;
				CLANG_WARN_SUSPICIOUS_MOVE = YES;
				CLANG_WARN_UNREACHABLE_CODE = YES;
				CLANG_WARN__DUPLICATE_METHOD_MATCH = YES;
				"CODE_SIGN_IDENTITY[sdk=iphoneos*]" = "iPhone Developer";
				COPY_PHASE_STRIP = NO;
				DEBUG_INFORMATION_FORMAT = dwarf;
				ENABLE_STRICT_OBJC_MSGSEND = YES;
				ENABLE_TESTABILITY = YES;
				GCC_C_LANGUAGE_STANDARD = gnu99;
				GCC_DYNAMIC_NO_PIC = NO;
				GCC_NO_COMMON_BLOCKS = YES;
				GCC_OPTIMIZATION_LEVEL = 0;
				GCC_PREPROCESSOR_DEFINITIONS = (
					"DEBUG=1",
					"$(inherited)",
				);
				GCC_WARN_64_TO_32_BIT_CONVERSION = YES;
				GCC_WARN_ABOUT_RETURN_TYPE = YES_ERROR;
				GCC_WARN_UNDECLARED_SELECTOR = YES;
				GCC_WARN_UNINITIALIZED_AUTOS = YES_AGGRESSIVE;
				GCC_WARN_UNUSED_FUNCTION = YES;
				GCC_WARN_UNUSED_VARIABLE = YES;
				IPHONEOS_DEPLOYMENT_TARGET = 10.2;
				MTL_ENABLE_DEBUG_INFO = YES;
				ONLY_ACTIVE_ARCH = YES;
				SDKROOT = iphoneos;
				SWIFT_ACTIVE_COMPILATION_CONDITIONS = DEBUG;
				SWIFT_OPTIMIZATION_LEVEL = "-Onone";
			};
			name = Debug;
		};
		CC16AE171E27A8EB00C070E1 /* Release */ = {
			isa = XCBuildConfiguration;
			buildSettings = {
				ALWAYS_SEARCH_USER_PATHS = NO;
				CLANG_ANALYZER_NONNULL = YES;
				CLANG_CXX_LANGUAGE_STANDARD = "gnu++0x";
				CLANG_CXX_LIBRARY = "libc++";
				CLANG_ENABLE_MODULES = YES;
				CLANG_ENABLE_OBJC_ARC = YES;
				CLANG_WARN_BOOL_CONVERSION = YES;
				CLANG_WARN_CONSTANT_CONVERSION = YES;
				CLANG_WARN_DIRECT_OBJC_ISA_USAGE = YES_ERROR;
				CLANG_WARN_DOCUMENTATION_COMMENTS = YES;
				CLANG_WARN_EMPTY_BODY = YES;
				CLANG_WARN_ENUM_CONVERSION = YES;
				CLANG_WARN_INFINITE_RECURSION = YES;
				CLANG_WARN_INT_CONVERSION = YES;
				CLANG_WARN_OBJC_ROOT_CLASS = YES_ERROR;
				CLANG_WARN_SUSPICIOUS_MOVE = YES;
				CLANG_WARN_UNREACHABLE_CODE = YES;
				CLANG_WARN__DUPLICATE_METHOD_MATCH = YES;
				"CODE_SIGN_IDENTITY[sdk=iphoneos*]" = "iPhone Developer";
				COPY_PHASE_STRIP = NO;
				DEBUG_INFORMATION_FORMAT = "dwarf-with-dsym";
				ENABLE_NS_ASSERTIONS = NO;
				ENABLE_STRICT_OBJC_MSGSEND = YES;
				GCC_C_LANGUAGE_STANDARD = gnu99;
				GCC_NO_COMMON_BLOCKS = YES;
				GCC_WARN_64_TO_32_BIT_CONVERSION = YES;
				GCC_WARN_ABOUT_RETURN_TYPE = YES_ERROR;
				GCC_WARN_UNDECLARED_SELECTOR = YES;
				GCC_WARN_UNINITIALIZED_AUTOS = YES_AGGRESSIVE;
				GCC_WARN_UNUSED_FUNCTION = YES;
				GCC_WARN_UNUSED_VARIABLE = YES;
				IPHONEOS_DEPLOYMENT_TARGET = 10.2;
				MTL_ENABLE_DEBUG_INFO = NO;
				SDKROOT = iphoneos;
				SWIFT_OPTIMIZATION_LEVEL = "-Owholemodule";
				VALIDATE_PRODUCT = YES;
			};
			name = Release;
		};
		CC16AE191E27A8EB00C070E1 /* Debug */ = {
			isa = XCBuildConfiguration;
			buildSettings = {
				ASSETCATALOG_COMPILER_APPICON_NAME = AppIcon;
				DEVELOPMENT_TEAM = 84D2U4YMEB;
				INFOPLIST_FILE = OffTheCouch/Info.plist;
				LD_RUNPATH_SEARCH_PATHS = "$(inherited) @executable_path/Frameworks";
				PRODUCT_BUNDLE_IDENTIFIER = com.kernantrish.OffTheCouch;
				PRODUCT_NAME = "$(TARGET_NAME)";
				SWIFT_VERSION = 3.0;
			};
			name = Debug;
		};
		CC16AE1A1E27A8EB00C070E1 /* Release */ = {
			isa = XCBuildConfiguration;
			buildSettings = {
				ASSETCATALOG_COMPILER_APPICON_NAME = AppIcon;
				DEVELOPMENT_TEAM = 84D2U4YMEB;
				INFOPLIST_FILE = OffTheCouch/Info.plist;
				LD_RUNPATH_SEARCH_PATHS = "$(inherited) @executable_path/Frameworks";
				PRODUCT_BUNDLE_IDENTIFIER = com.kernantrish.OffTheCouch;
				PRODUCT_NAME = "$(TARGET_NAME)";
				SWIFT_VERSION = 3.0;
			};
			name = Release;
		};
/* End XCBuildConfiguration section */

/* Begin XCConfigurationList section */
		CC16AE011E27A8EB00C070E1 /* Build configuration list for PBXProject "OffTheCouch" */ = {
			isa = XCConfigurationList;
			buildConfigurations = (
				CC16AE161E27A8EB00C070E1 /* Debug */,
				CC16AE171E27A8EB00C070E1 /* Release */,
			);
			defaultConfigurationIsVisible = 0;
			defaultConfigurationName = Release;
		};
		CC16AE181E27A8EB00C070E1 /* Build configuration list for PBXNativeTarget "OffTheCouch" */ = {
			isa = XCConfigurationList;
			buildConfigurations = (
				CC16AE191E27A8EB00C070E1 /* Debug */,
				CC16AE1A1E27A8EB00C070E1 /* Release */,
			);
			defaultConfigurationIsVisible = 0;
		};
/* End XCConfigurationList section */
	};
	rootObject = CC16ADFE1E27A8EB00C070E1 /* Project object */;
}
